
Microsoft Visual Studio Solution File, Format Version 12.00
Project("{FAE04EC0-301F-11D3-BF4B-00C04F79EFBC}") = "PlaywrightSpecFlow.NET_SauceDemo", "PlaywrightSpecFlow.NET_SauceDemo\PlaywrightSpecFlow.NET_SauceDemo.csproj", "{E250CEB5-09FD-4ACD-9A33-BDC4D41EE619}"
EndProject
Global
	GlobalSection(SolutionConfigurationPlatforms) = preSolution
		Debug|Any CPU = Debug|Any CPU
		Release|Any CPU = Release|Any CPU
	EndGlobalSection
	GlobalSection(ProjectConfigurationPlatforms) = postSolution
		{E250CEB5-09FD-4ACD-9A33-BDC4D41EE619}.Debug|Any CPU.ActiveCfg = Debug|Any CPU
		{E250CEB5-09FD-4ACD-9A33-BDC4D41EE619}.Debug|Any CPU.Build.0 = Debug|Any CPU
		{E250CEB5-09FD-4ACD-9A33-BDC4D41EE619}.Release|Any CPU.ActiveCfg = Release|Any CPU
		{E250CEB5-09FD-4ACD-9A33-BDC4D41EE619}.Release|Any CPU.Build.0 = Release|Any CPU
	EndGlobalSection
EndGlobal
